
Microsoft Visual Studio Solution File, Format Version 12.00
# Visual Studio 15
VisualStudioVersion = 15.0.27130.2036
MinimumVisualStudioVersion = 10.0.40219.1
Project("{9092AA53-FB77-4645-B42D-1CCCA6BD08BD}") = "App", "App\App.njsproj", "{C1AFD55C-DDDD-4811-B284-6E3A0E4C89A4}"
EndProject
Project("{2150E333-8FDC-42A3-9474-1A3956D46DE8}") = "Solution Items", "Solution Items", "{5147E8C7-FE92-44A8-9490-D3EC0571BE5E}"
	ProjectSection(SolutionItems) = preProject
		firebase.json = firebase.json
		TEC.sln.vscb.json = TEC.sln.vscb.json
	EndProjectSection
EndProject
Global
	GlobalSection(SolutionConfigurationPlatforms) = preSolution
		Debug|Any CPU = Debug|Any CPU
		Release|Any CPU = Release|Any CPU
	EndGlobalSection
	GlobalSection(ProjectConfigurationPlatforms) = postSolution
		{C1AFD55C-DDDD-4811-B284-6E3A0E4C89A4}.Debug|Any CPU.ActiveCfg = Debug|Any CPU
		{C1AFD55C-DDDD-4811-B284-6E3A0E4C89A4}.Debug|Any CPU.Build.0 = Debug|Any CPU
		{C1AFD55C-DDDD-4811-B284-6E3A0E4C89A4}.Release|Any CPU.ActiveCfg = Release|Any CPU
		{C1AFD55C-DDDD-4811-B284-6E3A0E4C89A4}.Release|Any CPU.Build.0 = Release|Any CPU
	EndGlobalSection
	GlobalSection(SolutionProperties) = preSolution
		HideSolutionNode = FALSE
	EndGlobalSection
	GlobalSection(ExtensibilityGlobals) = postSolution
		SolutionGuid = {8B2143E4-D8D2-4C58-AD41-882D75CCB4E3}
	EndGlobalSection
EndGlobal
